// !$*UTF8*$!
{
	archiveVersion = 1;
	classes = {
	};
	objectVersion = 51;
	objects = {

/* Begin PBXBuildFile section */
		29929E80D38A5436BBE1E400 /* Pods_InsiderTests.framework in Frameworks */ = {isa = PBXBuildFile; fileRef = 6D56096E6C328009AA41E11C /* Pods_InsiderTests.framework */; };
		A038F1C00CD38CEDE4A28F7A /* Pods_Insider_InsiderUITests.framework in Frameworks */ = {isa = PBXBuildFile; fileRef = 546A131CD3AA4217D9D48687 /* Pods_Insider_InsiderUITests.framework */; };
		CB4D066225B8AA6900C4AB18 /* AppDelegate.swift in Sources */ = {isa = PBXBuildFile; fileRef = CB4D066125B8AA6900C4AB18 /* AppDelegate.swift */; };
		CB4D066425B8AA6900C4AB18 /* SceneDelegate.swift in Sources */ = {isa = PBXBuildFile; fileRef = CB4D066325B8AA6900C4AB18 /* SceneDelegate.swift */; };
		CB4D066925B8AA6900C4AB18 /* Main.storyboard in Resources */ = {isa = PBXBuildFile; fileRef = CB4D066725B8AA6900C4AB18 /* Main.storyboard */; };
		CB4D066C25B8AA6900C4AB18 /* Insider.xcdatamodeld in Sources */ = {isa = PBXBuildFile; fileRef = CB4D066A25B8AA6900C4AB18 /* Insider.xcdatamodeld */; };
		CB4D066E25B8AA6B00C4AB18 /* Assets.xcassets in Resources */ = {isa = PBXBuildFile; fileRef = CB4D066D25B8AA6B00C4AB18 /* Assets.xcassets */; };
		CB4D067125B8AA6B00C4AB18 /* LaunchScreen.storyboard in Resources */ = {isa = PBXBuildFile; fileRef = CB4D066F25B8AA6B00C4AB18 /* LaunchScreen.storyboard */; };
		CB4D067C25B8AA6C00C4AB18 /* InsiderTests.swift in Sources */ = {isa = PBXBuildFile; fileRef = CB4D067B25B8AA6C00C4AB18 /* InsiderTests.swift */; };
		CB4D068725B8AA6C00C4AB18 /* InsiderUITests.swift in Sources */ = {isa = PBXBuildFile; fileRef = CB4D068625B8AA6C00C4AB18 /* InsiderUITests.swift */; };
		CB4D06A325B8AB4000C4AB18 /* SECapi.swift in Sources */ = {isa = PBXBuildFile; fileRef = CB4D06A225B8AB4000C4AB18 /* SECapi.swift */; };
		CB4D06BF25BD566700C4AB18 /* Form4XMLParser.swift in Sources */ = {isa = PBXBuildFile; fileRef = CB4D06BE25BD566700C4AB18 /* Form4XMLParser.swift */; };
		CB4D06D925BF7FE700C4AB18 /* MainTVC.swift in Sources */ = {isa = PBXBuildFile; fileRef = CB4D06D825BF7FE700C4AB18 /* MainTVC.swift */; };
		CB4D06DE25BF83EE00C4AB18 /* StockDisplayTVCell.swift in Sources */ = {isa = PBXBuildFile; fileRef = CB4D06DD25BF83EE00C4AB18 /* StockDisplayTVCell.swift */; };
		CB4D06E925BF88F300C4AB18 /* TradeInformation.swift in Sources */ = {isa = PBXBuildFile; fileRef = CB4D06E825BF88F300C4AB18 /* TradeInformation.swift */; };
		CB4D074325C13D0000C4AB18 /* IndividualStockVC.swift in Sources */ = {isa = PBXBuildFile; fileRef = CB4D074225C13CFF00C4AB18 /* IndividualStockVC.swift */; };
		FBBE51FF8DE816F488E8F5C7 /* Pods_Insider.framework in Frameworks */ = {isa = PBXBuildFile; fileRef = C1D83398D192CC414A391191 /* Pods_Insider.framework */; };
/* End PBXBuildFile section */

/* Begin PBXContainerItemProxy section */
		CB4D067825B8AA6C00C4AB18 /* PBXContainerItemProxy */ = {
			isa = PBXContainerItemProxy;
			containerPortal = CB4D065625B8AA6900C4AB18 /* Project object */;
			proxyType = 1;
			remoteGlobalIDString = CB4D065D25B8AA6900C4AB18;
			remoteInfo = Insider;
		};
		CB4D068325B8AA6C00C4AB18 /* PBXContainerItemProxy */ = {
			isa = PBXContainerItemProxy;
			containerPortal = CB4D065625B8AA6900C4AB18 /* Project object */;
			proxyType = 1;
			remoteGlobalIDString = CB4D065D25B8AA6900C4AB18;
			remoteInfo = Insider;
		};
/* End PBXContainerItemProxy section */

/* Begin PBXFileReference section */
		00CAADC97CFB8B4E7EB73B98 /* Pods-Insider.debug.xcconfig */ = {isa = PBXFileReference; includeInIndex = 1; lastKnownFileType = text.xcconfig; name = "Pods-Insider.debug.xcconfig"; path = "Target Support Files/Pods-Insider/Pods-Insider.debug.xcconfig"; sourceTree = "<group>"; };
		11B6FBC3E43F0D3DDC58CE7A /* Pods-InsiderTests.debug.xcconfig */ = {isa = PBXFileReference; includeInIndex = 1; lastKnownFileType = text.xcconfig; name = "Pods-InsiderTests.debug.xcconfig"; path = "Target Support Files/Pods-InsiderTests/Pods-InsiderTests.debug.xcconfig"; sourceTree = "<group>"; };
		17A3F20CCC1AB06CFBDAE44D /* Pods-Insider-InsiderUITests.release.xcconfig */ = {isa = PBXFileReference; includeInIndex = 1; lastKnownFileType = text.xcconfig; name = "Pods-Insider-InsiderUITests.release.xcconfig"; path = "Target Support Files/Pods-Insider-InsiderUITests/Pods-Insider-InsiderUITests.release.xcconfig"; sourceTree = "<group>"; };
		181B8F9AF1311DC5C10343DA /* Pods-Insider.release.xcconfig */ = {isa = PBXFileReference; includeInIndex = 1; lastKnownFileType = text.xcconfig; name = "Pods-Insider.release.xcconfig"; path = "Target Support Files/Pods-Insider/Pods-Insider.release.xcconfig"; sourceTree = "<group>"; };
		187E3EEE4933C10E1F032B74 /* Pods-InsiderTests.release.xcconfig */ = {isa = PBXFileReference; includeInIndex = 1; lastKnownFileType = text.xcconfig; name = "Pods-InsiderTests.release.xcconfig"; path = "Target Support Files/Pods-InsiderTests/Pods-InsiderTests.release.xcconfig"; sourceTree = "<group>"; };
		546A131CD3AA4217D9D48687 /* Pods_Insider_InsiderUITests.framework */ = {isa = PBXFileReference; explicitFileType = wrapper.framework; includeInIndex = 0; path = Pods_Insider_InsiderUITests.framework; sourceTree = BUILT_PRODUCTS_DIR; };
		6D56096E6C328009AA41E11C /* Pods_InsiderTests.framework */ = {isa = PBXFileReference; explicitFileType = wrapper.framework; includeInIndex = 0; path = Pods_InsiderTests.framework; sourceTree = BUILT_PRODUCTS_DIR; };
		B7C09E2AA1139F6D37913104 /* Pods-Insider-InsiderUITests.debug.xcconfig */ = {isa = PBXFileReference; includeInIndex = 1; lastKnownFileType = text.xcconfig; name = "Pods-Insider-InsiderUITests.debug.xcconfig"; path = "Target Support Files/Pods-Insider-InsiderUITests/Pods-Insider-InsiderUITests.debug.xcconfig"; sourceTree = "<group>"; };
		C1D83398D192CC414A391191 /* Pods_Insider.framework */ = {isa = PBXFileReference; explicitFileType = wrapper.framework; includeInIndex = 0; path = Pods_Insider.framework; sourceTree = BUILT_PRODUCTS_DIR; };
		CB4D065E25B8AA6900C4AB18 /* Insider.app */ = {isa = PBXFileReference; explicitFileType = wrapper.application; includeInIndex = 0; path = Insider.app; sourceTree = BUILT_PRODUCTS_DIR; };
		CB4D066125B8AA6900C4AB18 /* AppDelegate.swift */ = {isa = PBXFileReference; lastKnownFileType = sourcecode.swift; path = AppDelegate.swift; sourceTree = "<group>"; };
		CB4D066325B8AA6900C4AB18 /* SceneDelegate.swift */ = {isa = PBXFileReference; lastKnownFileType = sourcecode.swift; path = SceneDelegate.swift; sourceTree = "<group>"; };
		CB4D066825B8AA6900C4AB18 /* Base */ = {isa = PBXFileReference; lastKnownFileType = file.storyboard; name = Base; path = Base.lproj/Main.storyboard; sourceTree = "<group>"; };
		CB4D066B25B8AA6900C4AB18 /* Insider.xcdatamodel */ = {isa = PBXFileReference; lastKnownFileType = wrapper.xcdatamodel; path = Insider.xcdatamodel; sourceTree = "<group>"; };
		CB4D066D25B8AA6B00C4AB18 /* Assets.xcassets */ = {isa = PBXFileReference; lastKnownFileType = folder.assetcatalog; path = Assets.xcassets; sourceTree = "<group>"; };
		CB4D067025B8AA6B00C4AB18 /* Base */ = {isa = PBXFileReference; lastKnownFileType = file.storyboard; name = Base; path = Base.lproj/LaunchScreen.storyboard; sourceTree = "<group>"; };
		CB4D067225B8AA6B00C4AB18 /* Info.plist */ = {isa = PBXFileReference; lastKnownFileType = text.plist.xml; path = Info.plist; sourceTree = "<group>"; };
		CB4D067725B8AA6C00C4AB18 /* InsiderTests.xctest */ = {isa = PBXFileReference; explicitFileType = wrapper.cfbundle; includeInIndex = 0; path = InsiderTests.xctest; sourceTree = BUILT_PRODUCTS_DIR; };
		CB4D067B25B8AA6C00C4AB18 /* InsiderTests.swift */ = {isa = PBXFileReference; lastKnownFileType = sourcecode.swift; path = InsiderTests.swift; sourceTree = "<group>"; };
		CB4D067D25B8AA6C00C4AB18 /* Info.plist */ = {isa = PBXFileReference; lastKnownFileType = text.plist.xml; path = Info.plist; sourceTree = "<group>"; };
		CB4D068225B8AA6C00C4AB18 /* InsiderUITests.xctest */ = {isa = PBXFileReference; explicitFileType = wrapper.cfbundle; includeInIndex = 0; path = InsiderUITests.xctest; sourceTree = BUILT_PRODUCTS_DIR; };
		CB4D068625B8AA6C00C4AB18 /* InsiderUITests.swift */ = {isa = PBXFileReference; lastKnownFileType = sourcecode.swift; path = InsiderUITests.swift; sourceTree = "<group>"; };
		CB4D068825B8AA6C00C4AB18 /* Info.plist */ = {isa = PBXFileReference; lastKnownFileType = text.plist.xml; path = Info.plist; sourceTree = "<group>"; };
		CB4D06A225B8AB4000C4AB18 /* SECapi.swift */ = {isa = PBXFileReference; lastKnownFileType = sourcecode.swift; path = SECapi.swift; sourceTree = "<group>"; };
		CB4D06BE25BD566700C4AB18 /* Form4XMLParser.swift */ = {isa = PBXFileReference; lastKnownFileType = sourcecode.swift; path = Form4XMLParser.swift; sourceTree = "<group>"; };
		CB4D06D825BF7FE700C4AB18 /* MainTVC.swift */ = {isa = PBXFileReference; lastKnownFileType = sourcecode.swift; path = MainTVC.swift; sourceTree = "<group>"; };
		CB4D06DD25BF83EE00C4AB18 /* StockDisplayTVCell.swift */ = {isa = PBXFileReference; lastKnownFileType = sourcecode.swift; path = StockDisplayTVCell.swift; sourceTree = "<group>"; };
		CB4D06E825BF88F300C4AB18 /* TradeInformation.swift */ = {isa = PBXFileReference; lastKnownFileType = sourcecode.swift; path = TradeInformation.swift; sourceTree = "<group>"; };
		CB4D074225C13CFF00C4AB18 /* IndividualStockVC.swift */ = {isa = PBXFileReference; lastKnownFileType = sourcecode.swift; path = IndividualStockVC.swift; sourceTree = "<group>"; };
/* End PBXFileReference section */

/* Begin PBXFrameworksBuildPhase section */
		CB4D065B25B8AA6900C4AB18 /* Frameworks */ = {
			isa = PBXFrameworksBuildPhase;
			buildActionMask = 2147483647;
			files = (
				FBBE51FF8DE816F488E8F5C7 /* Pods_Insider.framework in Frameworks */,
			);
			runOnlyForDeploymentPostprocessing = 0;
		};
		CB4D067425B8AA6C00C4AB18 /* Frameworks */ = {
			isa = PBXFrameworksBuildPhase;
			buildActionMask = 2147483647;
			files = (
				29929E80D38A5436BBE1E400 /* Pods_InsiderTests.framework in Frameworks */,
			);
			runOnlyForDeploymentPostprocessing = 0;
		};
		CB4D067F25B8AA6C00C4AB18 /* Frameworks */ = {
			isa = PBXFrameworksBuildPhase;
			buildActionMask = 2147483647;
			files = (
				A038F1C00CD38CEDE4A28F7A /* Pods_Insider_InsiderUITests.framework in Frameworks */,
			);
			runOnlyForDeploymentPostprocessing = 0;
		};
/* End PBXFrameworksBuildPhase section */

/* Begin PBXGroup section */
		36507CFC0740934F3D750A32 /* Pods */ = {
			isa = PBXGroup;
			children = (
				00CAADC97CFB8B4E7EB73B98 /* Pods-Insider.debug.xcconfig */,
				181B8F9AF1311DC5C10343DA /* Pods-Insider.release.xcconfig */,
				B7C09E2AA1139F6D37913104 /* Pods-Insider-InsiderUITests.debug.xcconfig */,
				17A3F20CCC1AB06CFBDAE44D /* Pods-Insider-InsiderUITests.release.xcconfig */,
				11B6FBC3E43F0D3DDC58CE7A /* Pods-InsiderTests.debug.xcconfig */,
				187E3EEE4933C10E1F032B74 /* Pods-InsiderTests.release.xcconfig */,
			);
			path = Pods;
			sourceTree = "<group>";
		};
		5B39E83926FEA1DA111F2FBA /* Frameworks */ = {
			isa = PBXGroup;
			children = (
				C1D83398D192CC414A391191 /* Pods_Insider.framework */,
				546A131CD3AA4217D9D48687 /* Pods_Insider_InsiderUITests.framework */,
				6D56096E6C328009AA41E11C /* Pods_InsiderTests.framework */,
			);
			name = Frameworks;
			sourceTree = "<group>";
		};
		CB4D065525B8AA6900C4AB18 = {
			isa = PBXGroup;
			children = (
				CB4D066025B8AA6900C4AB18 /* Insider */,
				CB4D067A25B8AA6C00C4AB18 /* InsiderTests */,
				CB4D068525B8AA6C00C4AB18 /* InsiderUITests */,
				CB4D065F25B8AA6900C4AB18 /* Products */,
				36507CFC0740934F3D750A32 /* Pods */,
				5B39E83926FEA1DA111F2FBA /* Frameworks */,
			);
			sourceTree = "<group>";
		};
		CB4D065F25B8AA6900C4AB18 /* Products */ = {
			isa = PBXGroup;
			children = (
				CB4D065E25B8AA6900C4AB18 /* Insider.app */,
				CB4D067725B8AA6C00C4AB18 /* InsiderTests.xctest */,
				CB4D068225B8AA6C00C4AB18 /* InsiderUITests.xctest */,
			);
			name = Products;
			sourceTree = "<group>";
		};
		CB4D066025B8AA6900C4AB18 /* Insider */ = {
			isa = PBXGroup;
			children = (
				CB4D066725B8AA6900C4AB18 /* Main.storyboard */,
				CB4D071D25C09F4600C4AB18 /* VCs */,
				CB4D072325C09F7500C4AB18 /* Controllers */,
				CB4D071F25C09F5400C4AB18 /* SmallerViews */,
				CB4D071E25C09F4D00C4AB18 /* Models */,
				CB4D066125B8AA6900C4AB18 /* AppDelegate.swift */,
				CB4D066325B8AA6900C4AB18 /* SceneDelegate.swift */,
				CB4D066D25B8AA6B00C4AB18 /* Assets.xcassets */,
				CB4D066F25B8AA6B00C4AB18 /* LaunchScreen.storyboard */,
				CB4D067225B8AA6B00C4AB18 /* Info.plist */,
				CB4D066A25B8AA6900C4AB18 /* Insider.xcdatamodeld */,
			);
			path = Insider;
			sourceTree = "<group>";
		};
		CB4D067A25B8AA6C00C4AB18 /* InsiderTests */ = {
			isa = PBXGroup;
			children = (
				CB4D067B25B8AA6C00C4AB18 /* InsiderTests.swift */,
				CB4D067D25B8AA6C00C4AB18 /* Info.plist */,
			);
			path = InsiderTests;
			sourceTree = "<group>";
		};
		CB4D068525B8AA6C00C4AB18 /* InsiderUITests */ = {
			isa = PBXGroup;
			children = (
				CB4D068625B8AA6C00C4AB18 /* InsiderUITests.swift */,
				CB4D068825B8AA6C00C4AB18 /* Info.plist */,
			);
			path = InsiderUITests;
			sourceTree = "<group>";
		};
		CB4D071D25C09F4600C4AB18 /* VCs */ = {
			isa = PBXGroup;
			children = (
				CB4D06D825BF7FE700C4AB18 /* MainTVC.swift */,
				CB4D074225C13CFF00C4AB18 /* IndividualStockVC.swift */,
			);
			path = VCs;
			sourceTree = "<group>";
		};
		CB4D071E25C09F4D00C4AB18 /* Models */ = {
			isa = PBXGroup;
			children = (
				CB4D06E825BF88F300C4AB18 /* TradeInformation.swift */,
			);
			path = Models;
			sourceTree = "<group>";
		};
		CB4D071F25C09F5400C4AB18 /* SmallerViews */ = {
			isa = PBXGroup;
			children = (
				CB4D06DD25BF83EE00C4AB18 /* StockDisplayTVCell.swift */,
			);
			path = SmallerViews;
			sourceTree = "<group>";
		};
		CB4D072325C09F7500C4AB18 /* Controllers */ = {
			isa = PBXGroup;
			children = (
				CB4D06A225B8AB4000C4AB18 /* SECapi.swift */,
				CB4D06BE25BD566700C4AB18 /* Form4XMLParser.swift */,
			);
			path = Controllers;
			sourceTree = "<group>";
		};
/* End PBXGroup section */

/* Begin PBXNativeTarget section */
		CB4D065D25B8AA6900C4AB18 /* Insider */ = {
			isa = PBXNativeTarget;
			buildConfigurationList = CB4D068B25B8AA6C00C4AB18 /* Build configuration list for PBXNativeTarget "Insider" */;
			buildPhases = (
				2C656FA50C86553A24734637 /* [CP] Check Pods Manifest.lock */,
				CB4D065A25B8AA6900C4AB18 /* Sources */,
				CB4D065B25B8AA6900C4AB18 /* Frameworks */,
				CB4D065C25B8AA6900C4AB18 /* Resources */,
				0F0017845A8D99CFF625DB77 /* [CP] Embed Pods Frameworks */,
			);
			buildRules = (
			);
			dependencies = (
			);
			name = Insider;
			productName = Insider;
			productReference = CB4D065E25B8AA6900C4AB18 /* Insider.app */;
			productType = "com.apple.product-type.application";
		};
		CB4D067625B8AA6C00C4AB18 /* InsiderTests */ = {
			isa = PBXNativeTarget;
			buildConfigurationList = CB4D068E25B8AA6C00C4AB18 /* Build configuration list for PBXNativeTarget "InsiderTests" */;
			buildPhases = (
				3B74F5572CF59B3A510185A4 /* [CP] Check Pods Manifest.lock */,
				CB4D067325B8AA6C00C4AB18 /* Sources */,
				CB4D067425B8AA6C00C4AB18 /* Frameworks */,
				CB4D067525B8AA6C00C4AB18 /* Resources */,
			);
			buildRules = (
			);
			dependencies = (
				CB4D067925B8AA6C00C4AB18 /* PBXTargetDependency */,
			);
			name = InsiderTests;
			productName = InsiderTests;
			productReference = CB4D067725B8AA6C00C4AB18 /* InsiderTests.xctest */;
			productType = "com.apple.product-type.bundle.unit-test";
		};
		CB4D068125B8AA6C00C4AB18 /* InsiderUITests */ = {
			isa = PBXNativeTarget;
			buildConfigurationList = CB4D069125B8AA6C00C4AB18 /* Build configuration list for PBXNativeTarget "InsiderUITests" */;
			buildPhases = (
				76B82BBDC8A4AA466287E428 /* [CP] Check Pods Manifest.lock */,
				CB4D067E25B8AA6C00C4AB18 /* Sources */,
				CB4D067F25B8AA6C00C4AB18 /* Frameworks */,
				CB4D068025B8AA6C00C4AB18 /* Resources */,
				6E8B464DF865885B160FCDB0 /* [CP] Embed Pods Frameworks */,
			);
			buildRules = (
			);
			dependencies = (
				CB4D068425B8AA6C00C4AB18 /* PBXTargetDependency */,
			);
			name = InsiderUITests;
			productName = InsiderUITests;
			productReference = CB4D068225B8AA6C00C4AB18 /* InsiderUITests.xctest */;
			productType = "com.apple.product-type.bundle.ui-testing";
		};
/* End PBXNativeTarget section */

/* Begin PBXProject section */
		CB4D065625B8AA6900C4AB18 /* Project object */ = {
			isa = PBXProject;
			attributes = {
				LastSwiftUpdateCheck = 1230;
				LastUpgradeCheck = 1230;
				TargetAttributes = {
					CB4D065D25B8AA6900C4AB18 = {
						CreatedOnToolsVersion = 12.3;
					};
					CB4D067625B8AA6C00C4AB18 = {
						CreatedOnToolsVersion = 12.3;
						TestTargetID = CB4D065D25B8AA6900C4AB18;
					};
					CB4D068125B8AA6C00C4AB18 = {
						CreatedOnToolsVersion = 12.3;
						TestTargetID = CB4D065D25B8AA6900C4AB18;
					};
				};
			};
			buildConfigurationList = CB4D065925B8AA6900C4AB18 /* Build configuration list for PBXProject "Insider" */;
			compatibilityVersion = "Xcode 9.3";
			developmentRegion = en;
			hasScannedForEncodings = 0;
			knownRegions = (
				en,
				Base,
			);
			mainGroup = CB4D065525B8AA6900C4AB18;
			productRefGroup = CB4D065F25B8AA6900C4AB18 /* Products */;
			projectDirPath = "";
			projectRoot = "";
			targets = (
				CB4D065D25B8AA6900C4AB18 /* Insider */,
				CB4D067625B8AA6C00C4AB18 /* InsiderTests */,
				CB4D068125B8AA6C00C4AB18 /* InsiderUITests */,
			);
		};
/* End PBXProject section */

/* Begin PBXResourcesBuildPhase section */
		CB4D065C25B8AA6900C4AB18 /* Resources */ = {
			isa = PBXResourcesBuildPhase;
			buildActionMask = 2147483647;
			files = (
				CB4D067125B8AA6B00C4AB18 /* LaunchScreen.storyboard in Resources */,
				CB4D066E25B8AA6B00C4AB18 /* Assets.xcassets in Resources */,
				CB4D066925B8AA6900C4AB18 /* Main.storyboard in Resources */,
			);
			runOnlyForDeploymentPostprocessing = 0;
		};
		CB4D067525B8AA6C00C4AB18 /* Resources */ = {
			isa = PBXResourcesBuildPhase;
			buildActionMask = 2147483647;
			files = (
			);
			runOnlyForDeploymentPostprocessing = 0;
		};
		CB4D068025B8AA6C00C4AB18 /* Resources */ = {
			isa = PBXResourcesBuildPhase;
			buildActionMask = 2147483647;
			files = (
			);
			runOnlyForDeploymentPostprocessing = 0;
		};
/* End PBXResourcesBuildPhase section */

/* Begin PBXShellScriptBuildPhase section */
		0F0017845A8D99CFF625DB77 /* [CP] Embed Pods Frameworks */ = {
			isa = PBXShellScriptBuildPhase;
			buildActionMask = 2147483647;
			files = (
			);
			inputFileListPaths = (
				"${PODS_ROOT}/Target Support Files/Pods-Insider/Pods-Insider-frameworks-${CONFIGURATION}-input-files.xcfilelist",
			);
			name = "[CP] Embed Pods Frameworks";
			outputFileListPaths = (
				"${PODS_ROOT}/Target Support Files/Pods-Insider/Pods-Insider-frameworks-${CONFIGURATION}-output-files.xcfilelist",
			);
			runOnlyForDeploymentPostprocessing = 0;
			shellPath = /bin/sh;
			shellScript = "\"${PODS_ROOT}/Target Support Files/Pods-Insider/Pods-Insider-frameworks.sh\"\n";
			showEnvVarsInLog = 0;
		};
		2C656FA50C86553A24734637 /* [CP] Check Pods Manifest.lock */ = {
			isa = PBXShellScriptBuildPhase;
			buildActionMask = 2147483647;
			files = (
			);
			inputFileListPaths = (
			);
			inputPaths = (
				"${PODS_PODFILE_DIR_PATH}/Podfile.lock",
				"${PODS_ROOT}/Manifest.lock",
			);
			name = "[CP] Check Pods Manifest.lock";
			outputFileListPaths = (
			);
			outputPaths = (
				"$(DERIVED_FILE_DIR)/Pods-Insider-checkManifestLockResult.txt",
			);
			runOnlyForDeploymentPostprocessing = 0;
			shellPath = /bin/sh;
			shellScript = "diff \"${PODS_PODFILE_DIR_PATH}/Podfile.lock\" \"${PODS_ROOT}/Manifest.lock\" > /dev/null\nif [ $? != 0 ] ; then\n    # print error to STDERR\n    echo \"error: The sandbox is not in sync with the Podfile.lock. Run 'pod install' or update your CocoaPods installation.\" >&2\n    exit 1\nfi\n# This output is used by Xcode 'outputs' to avoid re-running this script phase.\necho \"SUCCESS\" > \"${SCRIPT_OUTPUT_FILE_0}\"\n";
			showEnvVarsInLog = 0;
		};
		3B74F5572CF59B3A510185A4 /* [CP] Check Pods Manifest.lock */ = {
			isa = PBXShellScriptBuildPhase;
			buildActionMask = 2147483647;
			files = (
			);
			inputFileListPaths = (
			);
			inputPaths = (
				"${PODS_PODFILE_DIR_PATH}/Podfile.lock",
				"${PODS_ROOT}/Manifest.lock",
			);
			name = "[CP] Check Pods Manifest.lock";
			outputFileListPaths = (
			);
			outputPaths = (
				"$(DERIVED_FILE_DIR)/Pods-InsiderTests-checkManifestLockResult.txt",
			);
			runOnlyForDeploymentPostprocessing = 0;
			shellPath = /bin/sh;
			shellScript = "diff \"${PODS_PODFILE_DIR_PATH}/Podfile.lock\" \"${PODS_ROOT}/Manifest.lock\" > /dev/null\nif [ $? != 0 ] ; then\n    # print error to STDERR\n    echo \"error: The sandbox is not in sync with the Podfile.lock. Run 'pod install' or update your CocoaPods installation.\" >&2\n    exit 1\nfi\n# This output is used by Xcode 'outputs' to avoid re-running this script phase.\necho \"SUCCESS\" > \"${SCRIPT_OUTPUT_FILE_0}\"\n";
			showEnvVarsInLog = 0;
		};
		6E8B464DF865885B160FCDB0 /* [CP] Embed Pods Frameworks */ = {
			isa = PBXShellScriptBuildPhase;
			buildActionMask = 2147483647;
			files = (
			);
			inputFileListPaths = (
				"${PODS_ROOT}/Target Support Files/Pods-Insider-InsiderUITests/Pods-Insider-InsiderUITests-frameworks-${CONFIGURATION}-input-files.xcfilelist",
			);
			name = "[CP] Embed Pods Frameworks";
			outputFileListPaths = (
				"${PODS_ROOT}/Target Support Files/Pods-Insider-InsiderUITests/Pods-Insider-InsiderUITests-frameworks-${CONFIGURATION}-output-files.xcfilelist",
			);
			runOnlyForDeploymentPostprocessing = 0;
			shellPath = /bin/sh;
			shellScript = "\"${PODS_ROOT}/Target Support Files/Pods-Insider-InsiderUITests/Pods-Insider-InsiderUITests-frameworks.sh\"\n";
			showEnvVarsInLog = 0;
		};
		76B82BBDC8A4AA466287E428 /* [CP] Check Pods Manifest.lock */ = {
			isa = PBXShellScriptBuildPhase;
			buildActionMask = 2147483647;
			files = (
			);
			inputFileListPaths = (
			);
			inputPaths = (
				"${PODS_PODFILE_DIR_PATH}/Podfile.lock",
				"${PODS_ROOT}/Manifest.lock",
			);
			name = "[CP] Check Pods Manifest.lock";
			outputFileListPaths = (
			);
			outputPaths = (
				"$(DERIVED_FILE_DIR)/Pods-Insider-InsiderUITests-checkManifestLockResult.txt",
			);
			runOnlyForDeploymentPostprocessing = 0;
			shellPath = /bin/sh;
			shellScript = "diff \"${PODS_PODFILE_DIR_PATH}/Podfile.lock\" \"${PODS_ROOT}/Manifest.lock\" > /dev/null\nif [ $? != 0 ] ; then\n    # print error to STDERR\n    echo \"error: The sandbox is not in sync with the Podfile.lock. Run 'pod install' or update your CocoaPods installation.\" >&2\n    exit 1\nfi\n# This output is used by Xcode 'outputs' to avoid re-running this script phase.\necho \"SUCCESS\" > \"${SCRIPT_OUTPUT_FILE_0}\"\n";
			showEnvVarsInLog = 0;
		};
/* End PBXShellScriptBuildPhase section */

/* Begin PBXSourcesBuildPhase section */
		CB4D065A25B8AA6900C4AB18 /* Sources */ = {
			isa = PBXSourcesBuildPhase;
			buildActionMask = 2147483647;
			files = (
				CB4D06BF25BD566700C4AB18 /* Form4XMLParser.swift in Sources */,
				CB4D066225B8AA6900C4AB18 /* AppDelegate.swift in Sources */,
				CB4D06D925BF7FE700C4AB18 /* MainTVC.swift in Sources */,
				CB4D066C25B8AA6900C4AB18 /* Insider.xcdatamodeld in Sources */,
				CB4D066425B8AA6900C4AB18 /* SceneDelegate.swift in Sources */,
				CB4D06A325B8AB4000C4AB18 /* SECapi.swift in Sources */,
				CB4D06DE25BF83EE00C4AB18 /* StockDisplayTVCell.swift in Sources */,
				CB4D06E925BF88F300C4AB18 /* TradeInformation.swift in Sources */,
				CB4D074325C13D0000C4AB18 /* IndividualStockVC.swift in Sources */,
			);
			runOnlyForDeploymentPostprocessing = 0;
		};
		CB4D067325B8AA6C00C4AB18 /* Sources */ = {
			isa = PBXSourcesBuildPhase;
			buildActionMask = 2147483647;
			files = (
				CB4D067C25B8AA6C00C4AB18 /* InsiderTests.swift in Sources */,
			);
			runOnlyForDeploymentPostprocessing = 0;
		};
		CB4D067E25B8AA6C00C4AB18 /* Sources */ = {
			isa = PBXSourcesBuildPhase;
			buildActionMask = 2147483647;
			files = (
				CB4D068725B8AA6C00C4AB18 /* InsiderUITests.swift in Sources */,
			);
			runOnlyForDeploymentPostprocessing = 0;
		};
/* End PBXSourcesBuildPhase section */

/* Begin PBXTargetDependency section */
		CB4D067925B8AA6C00C4AB18 /* PBXTargetDependency */ = {
			isa = PBXTargetDependency;
			target = CB4D065D25B8AA6900C4AB18 /* Insider */;
			targetProxy = CB4D067825B8AA6C00C4AB18 /* PBXContainerItemProxy */;
		};
		CB4D068425B8AA6C00C4AB18 /* PBXTargetDependency */ = {
			isa = PBXTargetDependency;
			target = CB4D065D25B8AA6900C4AB18 /* Insider */;
			targetProxy = CB4D068325B8AA6C00C4AB18 /* PBXContainerItemProxy */;
		};
/* End PBXTargetDependency section */

/* Begin PBXVariantGroup section */
		CB4D066725B8AA6900C4AB18 /* Main.storyboard */ = {
			isa = PBXVariantGroup;
			children = (
				CB4D066825B8AA6900C4AB18 /* Base */,
			);
			name = Main.storyboard;
			sourceTree = "<group>";
		};
		CB4D066F25B8AA6B00C4AB18 /* LaunchScreen.storyboard */ = {
			isa = PBXVariantGroup;
			children = (
				CB4D067025B8AA6B00C4AB18 /* Base */,
			);
			name = LaunchScreen.storyboard;
			sourceTree = "<group>";
		};
/* End PBXVariantGroup section */

/* Begin XCBuildConfiguration section */
		CB4D068925B8AA6C00C4AB18 /* Debug */ = {
			isa = XCBuildConfiguration;
			buildSettings = {
				ALWAYS_SEARCH_USER_PATHS = NO;
				CLANG_ANALYZER_NONNULL = YES;
				CLANG_ANALYZER_NUMBER_OBJECT_CONVERSION = YES_AGGRESSIVE;
				CLANG_CXX_LANGUAGE_STANDARD = "gnu++14";
				CLANG_CXX_LIBRARY = "libc++";
				CLANG_ENABLE_MODULES = YES;
				CLANG_ENABLE_OBJC_ARC = YES;
				CLANG_ENABLE_OBJC_WEAK = YES;
				CLANG_WARN_BLOCK_CAPTURE_AUTORELEASING = YES;
				CLANG_WARN_BOOL_CONVERSION = YES;
				CLANG_WARN_COMMA = YES;
				CLANG_WARN_CONSTANT_CONVERSION = YES;
				CLANG_WARN_DEPRECATED_OBJC_IMPLEMENTATIONS = YES;
				CLANG_WARN_DIRECT_OBJC_ISA_USAGE = YES_ERROR;
				CLANG_WARN_DOCUMENTATION_COMMENTS = YES;
				CLANG_WARN_EMPTY_BODY = YES;
				CLANG_WARN_ENUM_CONVERSION = YES;
				CLANG_WARN_INFINITE_RECURSION = YES;
				CLANG_WARN_INT_CONVERSION = YES;
				CLANG_WARN_NON_LITERAL_NULL_CONVERSION = YES;
				CLANG_WARN_OBJC_IMPLICIT_RETAIN_SELF = YES;
				CLANG_WARN_OBJC_LITERAL_CONVERSION = YES;
				CLANG_WARN_OBJC_ROOT_CLASS = YES_ERROR;
				CLANG_WARN_QUOTED_INCLUDE_IN_FRAMEWORK_HEADER = YES;
				CLANG_WARN_RANGE_LOOP_ANALYSIS = YES;
				CLANG_WARN_STRICT_PROTOTYPES = YES;
				CLANG_WARN_SUSPICIOUS_MOVE = YES;
				CLANG_WARN_UNGUARDED_AVAILABILITY = YES_AGGRESSIVE;
				CLANG_WARN_UNREACHABLE_CODE = YES;
				CLANG_WARN__DUPLICATE_METHOD_MATCH = YES;
				COPY_PHASE_STRIP = NO;
				DEBUG_INFORMATION_FORMAT = dwarf;
				ENABLE_STRICT_OBJC_MSGSEND = YES;
				ENABLE_TESTABILITY = YES;
				GCC_C_LANGUAGE_STANDARD = gnu11;
				GCC_DYNAMIC_NO_PIC = NO;
				GCC_NO_COMMON_BLOCKS = YES;
				GCC_OPTIMIZATION_LEVEL = 0;
				GCC_PREPROCESSOR_DEFINITIONS = (
					"DEBUG=1",
					"$(inherited)",
				);
				GCC_WARN_64_TO_32_BIT_CONVERSION = YES;
				GCC_WARN_ABOUT_RETURN_TYPE = YES_ERROR;
				GCC_WARN_UNDECLARED_SELECTOR = YES;
				GCC_WARN_UNINITIALIZED_AUTOS = YES_AGGRESSIVE;
				GCC_WARN_UNUSED_FUNCTION = YES;
				GCC_WARN_UNUSED_VARIABLE = YES;
				IPHONEOS_DEPLOYMENT_TARGET = 14.3;
				MTL_ENABLE_DEBUG_INFO = INCLUDE_SOURCE;
				MTL_FAST_MATH = YES;
				ONLY_ACTIVE_ARCH = YES;
				SDKROOT = iphoneos;
				SWIFT_ACTIVE_COMPILATION_CONDITIONS = DEBUG;
				SWIFT_OPTIMIZATION_LEVEL = "-Onone";
			};
			name = Debug;
		};
		CB4D068A25B8AA6C00C4AB18 /* Release */ = {
			isa = XCBuildConfiguration;
			buildSettings = {
				ALWAYS_SEARCH_USER_PATHS = NO;
				CLANG_ANALYZER_NONNULL = YES;
				CLANG_ANALYZER_NUMBER_OBJECT_CONVERSION = YES_AGGRESSIVE;
				CLANG_CXX_LANGUAGE_STANDARD = "gnu++14";
				CLANG_CXX_LIBRARY = "libc++";
				CLANG_ENABLE_MODULES = YES;
				CLANG_ENABLE_OBJC_ARC = YES;
				CLANG_ENABLE_OBJC_WEAK = YES;
				CLANG_WARN_BLOCK_CAPTURE_AUTORELEASING = YES;
				CLANG_WARN_BOOL_CONVERSION = YES;
				CLANG_WARN_COMMA = YES;
				CLANG_WARN_CONSTANT_CONVERSION = YES;
				CLANG_WARN_DEPRECATED_OBJC_IMPLEMENTATIONS = YES;
				CLANG_WARN_DIRECT_OBJC_ISA_USAGE = YES_ERROR;
				CLANG_WARN_DOCUMENTATION_COMMENTS = YES;
				CLANG_WARN_EMPTY_BODY = YES;
				CLANG_WARN_ENUM_CONVERSION = YES;
				CLANG_WARN_INFINITE_RECURSION = YES;
				CLANG_WARN_INT_CONVERSION = YES;
				CLANG_WARN_NON_LITERAL_NULL_CONVERSION = YES;
				CLANG_WARN_OBJC_IMPLICIT_RETAIN_SELF = YES;
				CLANG_WARN_OBJC_LITERAL_CONVERSION = YES;
				CLANG_WARN_OBJC_ROOT_CLASS = YES_ERROR;
				CLANG_WARN_QUOTED_INCLUDE_IN_FRAMEWORK_HEADER = YES;
				CLANG_WARN_RANGE_LOOP_ANALYSIS = YES;
				CLANG_WARN_STRICT_PROTOTYPES = YES;
				CLANG_WARN_SUSPICIOUS_MOVE = YES;
				CLANG_WARN_UNGUARDED_AVAILABILITY = YES_AGGRESSIVE;
				CLANG_WARN_UNREACHABLE_CODE = YES;
				CLANG_WARN__DUPLICATE_METHOD_MATCH = YES;
				COPY_PHASE_STRIP = NO;
				DEBUG_INFORMATION_FORMAT = "dwarf-with-dsym";
				ENABLE_NS_ASSERTIONS = NO;
				ENABLE_STRICT_OBJC_MSGSEND = YES;
				GCC_C_LANGUAGE_STANDARD = gnu11;
				GCC_NO_COMMON_BLOCKS = YES;
				GCC_WARN_64_TO_32_BIT_CONVERSION = YES;
				GCC_WARN_ABOUT_RETURN_TYPE = YES_ERROR;
				GCC_WARN_UNDECLARED_SELECTOR = YES;
				GCC_WARN_UNINITIALIZED_AUTOS = YES_AGGRESSIVE;
				GCC_WARN_UNUSED_FUNCTION = YES;
				GCC_WARN_UNUSED_VARIABLE = YES;
				IPHONEOS_DEPLOYMENT_TARGET = 14.3;
				MTL_ENABLE_DEBUG_INFO = NO;
				MTL_FAST_MATH = YES;
				SDKROOT = iphoneos;
				SWIFT_COMPILATION_MODE = wholemodule;
				SWIFT_OPTIMIZATION_LEVEL = "-O";
				VALIDATE_PRODUCT = YES;
			};
			name = Release;
		};
		CB4D068C25B8AA6C00C4AB18 /* Debug */ = {
			isa = XCBuildConfiguration;
			baseConfigurationReference = 00CAADC97CFB8B4E7EB73B98 /* Pods-Insider.debug.xcconfig */;
			buildSettings = {
				ASSETCATALOG_COMPILER_APPICON_NAME = AppIcon;
				ASSETCATALOG_COMPILER_GLOBAL_ACCENT_COLOR_NAME = AccentColor;
				CODE_SIGN_STYLE = Automatic;
				DEVELOPMENT_TEAM = MYKB7T756Z;
				INFOPLIST_FILE = Insider/Info.plist;
				IPHONEOS_DEPLOYMENT_TARGET = 14.0;
				LD_RUNPATH_SEARCH_PATHS = (
					"$(inherited)",
					"@executable_path/Frameworks",
				);
				PRODUCT_BUNDLE_IDENTIFIER = JohnBaer.Insider;
				PRODUCT_NAME = "$(TARGET_NAME)";
				SWIFT_VERSION = 5.0;
				TARGETED_DEVICE_FAMILY = "1,2";
			};
			name = Debug;
		};
		CB4D068D25B8AA6C00C4AB18 /* Release */ = {
			isa = XCBuildConfiguration;
			baseConfigurationReference = 181B8F9AF1311DC5C10343DA /* Pods-Insider.release.xcconfig */;
			buildSettings = {
				ASSETCATALOG_COMPILER_APPICON_NAME = AppIcon;
				ASSETCATALOG_COMPILER_GLOBAL_ACCENT_COLOR_NAME = AccentColor;
				CODE_SIGN_STYLE = Automatic;
				DEVELOPMENT_TEAM = MYKB7T756Z;
				INFOPLIST_FILE = Insider/Info.plist;
				IPHONEOS_DEPLOYMENT_TARGET = 14.0;
				LD_RUNPATH_SEARCH_PATHS = (
					"$(inherited)",
					"@executable_path/Frameworks",
				);
				PRODUCT_BUNDLE_IDENTIFIER = JohnBaer.Insider;
				PRODUCT_NAME = "$(TARGET_NAME)";
				SWIFT_VERSION = 5.0;
				TARGETED_DEVICE_FAMILY = "1,2";
			};
			name = Release;
		};
		CB4D068F25B8AA6C00C4AB18 /* Debug */ = {
			isa = XCBuildConfiguration;
			baseConfigurationReference = 11B6FBC3E43F0D3DDC58CE7A /* Pods-InsiderTests.debug.xcconfig */;
			buildSettings = {
				ALWAYS_EMBED_SWIFT_STANDARD_LIBRARIES = YES;
				BUNDLE_LOADER = "$(TEST_HOST)";
				CODE_SIGN_STYLE = Automatic;
				DEVELOPMENT_TEAM = MYKB7T756Z;
				INFOPLIST_FILE = InsiderTests/Info.plist;
				IPHONEOS_DEPLOYMENT_TARGET = 14.3;
				LD_RUNPATH_SEARCH_PATHS = (
					"$(inherited)",
					"@executable_path/Frameworks",
					"@loader_path/Frameworks",
				);
				PRODUCT_BUNDLE_IDENTIFIER = JohnBaer.InsiderTests;
				PRODUCT_NAME = "$(TARGET_NAME)";
				SWIFT_VERSION = 5.0;
				TARGETED_DEVICE_FAMILY = "1,2";
				TEST_HOST = "$(BUILT_PRODUCTS_DIR)/Insider.app/Insider";
			};
			name = Debug;
		};
		CB4D069025B8AA6C00C4AB18 /* Release */ = {
			isa = XCBuildConfiguration;
			baseConfigurationReference = 187E3EEE4933C10E1F032B74 /* Pods-InsiderTests.release.xcconfig */;
			buildSettings = {
				ALWAYS_EMBED_SWIFT_STANDARD_LIBRARIES = YES;
				BUNDLE_LOADER = "$(TEST_HOST)";
				CODE_SIGN_STYLE = Automatic;
				DEVELOPMENT_TEAM = MYKB7T756Z;
				INFOPLIST_FILE = InsiderTests/Info.plist;
				IPHONEOS_DEPLOYMENT_TARGET = 14.3;
				LD_RUNPATH_SEARCH_PATHS = (
					"$(inherited)",
					"@executable_path/Frameworks",
					"@loader_path/Frameworks",
				);
				PRODUCT_BUNDLE_IDENTIFIER = JohnBaer.InsiderTests;
				PRODUCT_NAME = "$(TARGET_NAME)";
				SWIFT_VERSION = 5.0;
				TARGETED_DEVICE_FAMILY = "1,2";
				TEST_HOST = "$(BUILT_PRODUCTS_DIR)/Insider.app/Insider";
			};
			name = Release;
		};
		CB4D069225B8AA6C00C4AB18 /* Debug */ = {
			isa = XCBuildConfiguration;
			baseConfigurationReference = B7C09E2AA1139F6D37913104 /* Pods-Insider-InsiderUITests.debug.xcconfig */;
			buildSettings = {
				ALWAYS_EMBED_SWIFT_STANDARD_LIBRARIES = YES;
				CODE_SIGN_STYLE = Automatic;
				DEVELOPMENT_TEAM = MYKB7T756Z;
				INFOPLIST_FILE = InsiderUITests/Info.plist;
				LD_RUNPATH_SEARCH_PATHS = (
					"$(inherited)",
					"@executable_path/Frameworks",
					"@loader_path/Frameworks",
				);
				PRODUCT_BUNDLE_IDENTIFIER = JohnBaer.InsiderUITests;
				PRODUCT_NAME = "$(TARGET_NAME)";
				SWIFT_VERSION = 5.0;
				TARGETED_DEVICE_FAMILY = "1,2";
				TEST_TARGET_NAME = Insider;
			};
			name = Debug;
		};
		CB4D069325B8AA6C00C4AB18 /* Release */ = {
			isa = XCBuildConfiguration;
			baseConfigurationReference = 17A3F20CCC1AB06CFBDAE44D /* Pods-Insider-InsiderUITests.release.xcconfig */;
			buildSettings = {
				ALWAYS_EMBED_SWIFT_STANDARD_LIBRARIES = YES;
				CODE_SIGN_STYLE = Automatic;
				DEVELOPMENT_TEAM = MYKB7T756Z;
				INFOPLIST_FILE = InsiderUITests/Info.plist;
				LD_RUNPATH_SEARCH_PATHS = (
					"$(inherited)",
					"@executable_path/Frameworks",
					"@loader_path/Frameworks",
				);
				PRODUCT_BUNDLE_IDENTIFIER = JohnBaer.InsiderUITests;
				PRODUCT_NAME = "$(TARGET_NAME)";
				SWIFT_VERSION = 5.0;
				TARGETED_DEVICE_FAMILY = "1,2";
				TEST_TARGET_NAME = Insider;
			};
			name = Release;
		};
/* End XCBuildConfiguration section */

/* Begin XCConfigurationList section */
		CB4D065925B8AA6900C4AB18 /* Build configuration list for PBXProject "Insider" */ = {
			isa = XCConfigurationList;
			buildConfigurations = (
				CB4D068925B8AA6C00C4AB18 /* Debug */,
				CB4D068A25B8AA6C00C4AB18 /* Release */,
			);
			defaultConfigurationIsVisible = 0;
			defaultConfigurationName = Release;
		};
		CB4D068B25B8AA6C00C4AB18 /* Build configuration list for PBXNativeTarget "Insider" */ = {
			isa = XCConfigurationList;
			buildConfigurations = (
				CB4D068C25B8AA6C00C4AB18 /* Debug */,
				CB4D068D25B8AA6C00C4AB18 /* Release */,
			);
			defaultConfigurationIsVisible = 0;
			defaultConfigurationName = Release;
		};
		CB4D068E25B8AA6C00C4AB18 /* Build configuration list for PBXNativeTarget "InsiderTests" */ = {
			isa = XCConfigurationList;
			buildConfigurations = (
				CB4D068F25B8AA6C00C4AB18 /* Debug */,
				CB4D069025B8AA6C00C4AB18 /* Release */,
			);
			defaultConfigurationIsVisible = 0;
			defaultConfigurationName = Release;
		};
		CB4D069125B8AA6C00C4AB18 /* Build configuration list for PBXNativeTarget "InsiderUITests" */ = {
			isa = XCConfigurationList;
			buildConfigurations = (
				CB4D069225B8AA6C00C4AB18 /* Debug */,
				CB4D069325B8AA6C00C4AB18 /* Release */,
			);
			defaultConfigurationIsVisible = 0;
			defaultConfigurationName = Release;
		};
/* End XCConfigurationList section */

/* Begin XCVersionGroup section */
		CB4D066A25B8AA6900C4AB18 /* Insider.xcdatamodeld */ = {
			isa = XCVersionGroup;
			children = (
				CB4D066B25B8AA6900C4AB18 /* Insider.xcdatamodel */,
			);
			currentVersion = CB4D066B25B8AA6900C4AB18 /* Insider.xcdatamodel */;
			path = Insider.xcdatamodeld;
			sourceTree = "<group>";
			versionGroupType = wrapper.xcdatamodel;
		};
/* End XCVersionGroup section */
	};
	rootObject = CB4D065625B8AA6900C4AB18 /* Project object */;
}
